<?xml version="1.0" encoding="utf-8"?>
<Project ToolsVersion="4.0" xmlns="http://schemas.microsoft.com/developer/msbuild/2003">
  <ItemGroup>
    <ClCompile Include="main.cpp" />
    <ClCompile Include="openGLCore\colour.cpp">
      <Filter>souce\openGLCore</Filter>
    </ClCompile>
    <ClCompile Include="openGLCore\renderable.cpp">
      <Filter>souce\openGLCore</Filter>
    </ClCompile>
    <ClCompile Include="openGLCore\renderContext.cpp">
      <Filter>souce\openGLCore</Filter>
    </ClCompile>
    <ClCompile Include="openGLCore\homogeneous_coordinate.cpp">
      <Filter>souce\openGLCore</Filter>
    </ClCompile>
    <ClCompile Include="win32Core\applicationWindow.cpp">
      <Filter>souce\win32Core</Filter>
    </ClCompile>
    <ClCompile Include="openGLShapes\material_rectangle.cpp">
      <Filter>souce\openGLShapes</Filter>
    </ClCompile>
    <ClCompile Include="win32Util\csv_file_reader.cpp">
      <Filter>souce\win32Util</Filter>
    </ClCompile>
    <ClCompile Include="win32Util\text_file_reader.cpp">
      <Filter>souce\win32Util</Filter>
    </ClCompile>
    <ClCompile Include="win32Core\common_dialog_wrapper.cpp">
      <Filter>souce\win32Core</Filter>
    </ClCompile>
    <ClCompile Include="openGLCore\material_renderable.cpp">
      <Filter>souce\openGLCore</Filter>
    </ClCompile>
    <ClCompile Include="openGLCore\drop_shadow.cpp">
      <Filter>souce\openGLCore</Filter>
    </ClCompile>
  </ItemGroup>
  <ItemGroup>
    <ClInclude Include="openGLCore\enums\eColour.h">
      <Filter>header\openGLCore\enum</Filter>
    </ClInclude>
    <ClInclude Include="openGLCore\enums\eMargin.h">
      <Filter>header\openGLCore\enum</Filter>
    </ClInclude>
    <ClInclude Include="openGLCore\colour.h">
      <Filter>header\openGLCore</Filter>
    </ClInclude>
    <ClInclude Include="openGLCore\homogeneous_coordinate.h">
      <Filter>header\openGLCore</Filter>
    </ClInclude>
    <ClInclude Include="openGLCore\renderable.h">
      <Filter>header\openGLCore</Filter>
    </ClInclude>
    <ClInclude Include="openGLCore\renderContext.h">
      <Filter>header\openGLCore</Filter>
    </ClInclude>
    <ClInclude Include="win32Core\application_window_resources.h">
      <Filter>header\win32Core\resources</Filter>
    </ClInclude>
    <ClInclude Include="win32Core\applicationWindow.h">
      <Filter>header\win32Core</Filter>
    </ClInclude>
    <ClInclude Include="openGLCore\enums\eDimention.h">
      <Filter>header\openGLCore\enum</Filter>
    </ClInclude>
    <ClInclude Include="openGLShapes\material_rectangle.h">
      <Filter>header\openGLShapes</Filter>
    </ClInclude>
    <ClInclude Include="win32Util\text_file_reader.h">
      <Filter>header\win32Util</Filter>
    </ClInclude>
    <ClInclude Include="win32Util\csv_file_reader.h">
      <Filter>header\win32Util</Filter>
    </ClInclude>
    <ClInclude Include="win32Util\enums\eFileState.h">
      <Filter>header\win32Util\enum</Filter>
    </ClInclude>
    <ClInclude Include="win32Core\common_dialog_wrapper.h">
      <Filter>header\win32Core</Filter>
    </ClInclude>
    <ClInclude Include="openGLCore\drop_shadow.h">
      <Filter>header\openGLCore</Filter>
    </ClInclude>
    <ClInclude Include="openGLCore\material_renderable.h">
      <Filter>header\openGLCore</Filter>
    </ClInclude>
    <ClInclude Include="openGLCore\enums\eHCoordinate.h">
      <Filter>header\openGLCore\enum</Filter>
    </ClInclude>
  </ItemGroup>
  <ItemGroup>
    <Filter Include="header">
      <UniqueIdentifier>{8fd8d75c-6ed2-4a9b-92b6-18d08658c78c}</UniqueIdentifier>
    </Filter>
    <Filter Include="header\openGLCore">
      <UniqueIdentifier>{6acb2427-7b71-4906-acce-c1526c51a877}</UniqueIdentifier>
    </Filter>
    <Filter Include="header\win32Core">
      <UniqueIdentifier>{5f48ab3a-3979-4a66-a490-eb535aa7015f}</UniqueIdentifier>
    </Filter>
    <Filter Include="header\openGLCore\enum">
      <UniqueIdentifier>{bc8fd0cf-f4b8-414d-aa2b-91f8f061b2b4}</UniqueIdentifier>
    </Filter>
    <Filter Include="souce">
      <UniqueIdentifier>{d48aedb2-4aac-4b23-939f-f7f124a599c0}</UniqueIdentifier>
    </Filter>
    <Filter Include="souce\openGLCore">
      <UniqueIdentifier>{fc54355a-1d2f-46e0-bcc5-18a441074215}</UniqueIdentifier>
    </Filter>
    <Filter Include="souce\win32Core">
      <UniqueIdentifier>{1ca5e161-25d4-4270-8f0b-a9a9c1dc6139}</UniqueIdentifier>
    </Filter>
    <Filter Include="header\win32Core\resources">
      <UniqueIdentifier>{7d9e2b48-eb35-4f14-98a2-69deaabb5835}</UniqueIdentifier>
    </Filter>
    <Filter Include="souce\win32Core\resources">
      <UniqueIdentifier>{2d14e96c-f454-4049-991b-1b357155bcbf}</UniqueIdentifier>
    </Filter>
    <Filter Include="header\win32Util">
      <UniqueIdentifier>{77d66eab-3d60-48ef-9468-b72f2e0fb136}</UniqueIdentifier>
    </Filter>
    <Filter Include="souce\win32Util">
      <UniqueIdentifier>{d86a7c0b-fb45-4e66-9d84-eb859fa2d83d}</UniqueIdentifier>
    </Filter>
    <Filter Include="header\openGLShapes">
      <UniqueIdentifier>{ea860a68-4683-4626-8dc8-a45757f8cea3}</UniqueIdentifier>
    </Filter>
    <Filter Include="souce\openGLShapes">
      <UniqueIdentifier>{94aa8cc1-f8c4-41c6-a24a-bc63fb926687}</UniqueIdentifier>
    </Filter>
    <Filter Include="souce\openGLDataVisualiser">
      <UniqueIdentifier>{0150fa0e-fc59-49cf-9469-339c78739533}</UniqueIdentifier>
    </Filter>
    <Filter Include="header\openGLDataVisualiser">
      <UniqueIdentifier>{9ec819d1-9035-4957-b99d-920f1fd5ca08}</UniqueIdentifier>
    </Filter>
    <Filter Include="header\win32Util\enum">
      <UniqueIdentifier>{4387bc6d-6df6-4503-83ec-fb7b8310479f}</UniqueIdentifier>
    </Filter>
  </ItemGroup>
  <ItemGroup>
    <ResourceCompile Include="win32Core\application_window_resources.rc">
      <Filter>souce\win32Core\resources</Filter>
    </ResourceCompile>
  </ItemGroup>
</Project>